
Microsoft Visual Studio Solution File, Format Version 12.00
# Visual Studio Version 17
VisualStudioVersion = 17.0.31903.59
MinimumVisualStudioVersion = 10.0.40219.1
Project("{FAE04EC0-301F-11D3-BF4B-00C04F79EFBC}") = "Domain", "Domain\Domain.csproj", "{5B0083DC-FD46-4BDF-B9D3-897A9B6BD546}"
EndProject
Project("{FAE04EC0-301F-11D3-BF4B-00C04F79EFBC}") = "Application", "Application\Application.csproj", "{57519341-8BF1-456D-B556-70218ACCCB55}"
EndProject
Project("{FAE04EC0-301F-11D3-BF4B-00C04F79EFBC}") = "Infrastructure", "Infrastructure\Infrastructure.csproj", "{4FEA1BD1-A12B-4940-8C50-D7F696F69A5C}"
EndProject
Project("{FAE04EC0-301F-11D3-BF4B-00C04F79EFBC}") = "WebApi", "WebApi\WebApi.csproj", "{98EBA0A7-236B-45A7-B651-DA4CBB554808}"
EndProject
Global
	GlobalSection(SolutionConfigurationPlatforms) = preSolution
		Debug|Any CPU = Debug|Any CPU
		Release|Any CPU = Release|Any CPU
	EndGlobalSection
	GlobalSection(SolutionProperties) = preSolution
		HideSolutionNode = FALSE
	EndGlobalSection
	GlobalSection(ProjectConfigurationPlatforms) = postSolution
		{5B0083DC-FD46-4BDF-B9D3-897A9B6BD546}.Debug|Any CPU.ActiveCfg = Debug|Any CPU
		{5B0083DC-FD46-4BDF-B9D3-897A9B6BD546}.Debug|Any CPU.Build.0 = Debug|Any CPU
		{5B0083DC-FD46-4BDF-B9D3-897A9B6BD546}.Release|Any CPU.ActiveCfg = Release|Any CPU
		{5B0083DC-FD46-4BDF-B9D3-897A9B6BD546}.Release|Any CPU.Build.0 = Release|Any CPU
		{57519341-8BF1-456D-B556-70218ACCCB55}.Debug|Any CPU.ActiveCfg = Debug|Any CPU
		{57519341-8BF1-456D-B556-70218ACCCB55}.Debug|Any CPU.Build.0 = Debug|Any CPU
		{57519341-8BF1-456D-B556-70218ACCCB55}.Release|Any CPU.ActiveCfg = Release|Any CPU
		{57519341-8BF1-456D-B556-70218ACCCB55}.Release|Any CPU.Build.0 = Release|Any CPU
		{4FEA1BD1-A12B-4940-8C50-D7F696F69A5C}.Debug|Any CPU.ActiveCfg = Debug|Any CPU
		{4FEA1BD1-A12B-4940-8C50-D7F696F69A5C}.Debug|Any CPU.Build.0 = Debug|Any CPU
		{4FEA1BD1-A12B-4940-8C50-D7F696F69A5C}.Release|Any CPU.ActiveCfg = Release|Any CPU
		{4FEA1BD1-A12B-4940-8C50-D7F696F69A5C}.Release|Any CPU.Build.0 = Release|Any CPU
		{98EBA0A7-236B-45A7-B651-DA4CBB554808}.Debug|Any CPU.ActiveCfg = Debug|Any CPU
		{98EBA0A7-236B-45A7-B651-DA4CBB554808}.Debug|Any CPU.Build.0 = Debug|Any CPU
		{98EBA0A7-236B-45A7-B651-DA4CBB554808}.Release|Any CPU.ActiveCfg = Release|Any CPU
		{98EBA0A7-236B-45A7-B651-DA4CBB554808}.Release|Any CPU.Build.0 = Release|Any CPU
	EndGlobalSection
EndGlobal
